
Microsoft Visual Studio Solution File, Format Version 12.00
# Visual Studio Version 17
VisualStudioVersion = 17.1.32421.90
MinimumVisualStudioVersion = 10.0.40219.1
Project("{9A19103F-16F7-4668-BE54-9A1E7A4F7556}") = "Ex1", "Ex1.csproj", "{203651F4-863A-4782-A0E1-1B5F6D463014}"
EndProject
Global
	GlobalSection(SolutionConfigurationPlatforms) = preSolution
		Debug|Any CPU = Debug|Any CPU
		Release|Any CPU = Release|Any CPU
	EndGlobalSection
	GlobalSection(ProjectConfigurationPlatforms) = postSolution
		{203651F4-863A-4782-A0E1-1B5F6D463014}.Debug|Any CPU.ActiveCfg = Debug|Any CPU
		{203651F4-863A-4782-A0E1-1B5F6D463014}.Debug|Any CPU.Build.0 = Debug|Any CPU
		{203651F4-863A-4782-A0E1-1B5F6D463014}.Release|Any CPU.ActiveCfg = Release|Any CPU
		{203651F4-863A-4782-A0E1-1B5F6D463014}.Release|Any CPU.Build.0 = Release|Any CPU
	EndGlobalSection
	GlobalSection(SolutionProperties) = preSolution
		HideSolutionNode = FALSE
	EndGlobalSection
	GlobalSection(ExtensibilityGlobals) = postSolution
		SolutionGuid = {45CE438D-87A2-4117-B7F6-CF0A99A5C2B3}
	EndGlobalSection
EndGlobal
