
Microsoft Visual Studio Solution File, Format Version 12.00
# Visual Studio Version 16
VisualStudioVersion = 16.0.32126.315
MinimumVisualStudioVersion = 10.0.40219.1
Project("{FAE04EC0-301F-11D3-BF4B-00C04F79EFBC}") = "Ex2", "ClassLibrary\Ex2.csproj", "{A2451D56-75A0-4F2D-A239-9EE99E12A770}"
EndProject
Global
	GlobalSection(SolutionConfigurationPlatforms) = preSolution
		Debug|Any CPU = Debug|Any CPU
		Release|Any CPU = Release|Any CPU
	EndGlobalSection
	GlobalSection(ProjectConfigurationPlatforms) = postSolution
		{A2451D56-75A0-4F2D-A239-9EE99E12A770}.Debug|Any CPU.ActiveCfg = Debug|Any CPU
		{A2451D56-75A0-4F2D-A239-9EE99E12A770}.Debug|Any CPU.Build.0 = Debug|Any CPU
		{A2451D56-75A0-4F2D-A239-9EE99E12A770}.Release|Any CPU.ActiveCfg = Release|Any CPU
		{A2451D56-75A0-4F2D-A239-9EE99E12A770}.Release|Any CPU.Build.0 = Release|Any CPU
	EndGlobalSection
	GlobalSection(SolutionProperties) = preSolution
		HideSolutionNode = FALSE
	EndGlobalSection
	GlobalSection(ExtensibilityGlobals) = postSolution
		SolutionGuid = {8EA6E695-C8C8-4CD8-9AC2-0FFCF14EFBB0}
	EndGlobalSection
EndGlobal
